
Microsoft Visual Studio Solution File, Format Version 12.00
# Visual Studio Version 17
VisualStudioVersion = 17.3.32825.248
MinimumVisualStudioVersion = 10.0.40219.1
Project("{9A19103F-16F7-4668-BE54-9A1E7A4F7556}") = "Psz.Core", "Psz.Core\Psz.Core.csproj", "{D4F6B894-90A3-497B-95EE-58E6AE4225A1}"
EndProject
Project("{2150E333-8FDC-42A3-9474-1A3956D46DE8}") = "Infrastructure", "Infrastructure", "{0C0C2F63-A6EF-4730-A73A-59BF0AFFA9A8}"
EndProject
Project("{2150E333-8FDC-42A3-9474-1A3956D46DE8}") = "Core", "Core", "{1F7CDE88-833E-45C2-9792-5255A2D905E4}"
EndProject
Project("{9A19103F-16F7-4668-BE54-9A1E7A4F7556}") = "Infrastructure.Services", "Infrastructure\Infrastructure.Services\Infrastructure.Services.csproj", "{1415AD1C-280E-42B9-A0B5-E564705B9F7B}"
EndProject
Project("{9A19103F-16F7-4668-BE54-9A1E7A4F7556}") = "Infrastructure.Data", "Infrastructure\Infrastructure.Data\Infrastructure.Data.csproj", "{3F6D21BD-9B7F-4A9A-8A4F-CAD6AACD16CE}"
EndProject
Project("{9A19103F-16F7-4668-BE54-9A1E7A4F7556}") = "Psz.Core.SharedKernel", "Core\Psz.Core.SharedKernel\Psz.Core.SharedKernel.csproj", "{4299624D-7875-4C6B-9975-3957C6177791}"
EndProject
Project("{9A19103F-16F7-4668-BE54-9A1E7A4F7556}") = "Psz.Core.Identity", "Core\Psz.Core.Identity\Psz.Core.Identity.csproj", "{712DAD32-1001-48D3-A741-47EFFE6AB8E4}"
EndProject
Project("{9A19103F-16F7-4668-BE54-9A1E7A4F7556}") = "Psz.Core.Common", "Core\Psz.Core.Common\Psz.Core.Common.csproj", "{E16984BF-96DB-4D41-BB7F-B8338699BC6A}"
EndProject
Project("{9A19103F-16F7-4668-BE54-9A1E7A4F7556}") = "Psz.Core.BaseData", "Core\Psz.Core.BaseData\Psz.Core.BaseData.csproj", "{B59B63FC-3300-4591-BB68-1BA0CB9C0EC2}"
EndProject
Project("{2150E333-8FDC-42A3-9474-1A3956D46DE8}") = "Web", "Web", "{A3026705-510D-434F-9232-42A6E7583A77}"
EndProject
Project("{2150E333-8FDC-42A3-9474-1A3956D46DE8}") = "_Docs", "_Docs", "{D8B69C7C-2B53-44FE-A88A-9EA755A6AC7C}"
EndProject
Project("{2150E333-8FDC-42A3-9474-1A3956D46DE8}") = "_Releases", "_Releases", "{6853024C-28F9-4195-A87A-CDFD5AD7ED35}"
EndProject
Project("{9A19103F-16F7-4668-BE54-9A1E7A4F7556}") = "Psz.Core.FinanceControl", "Core\Psz.Core.FinanceControl\Psz.Core.FinanceControl.csproj", "{9A07B746-F9AE-4DCC-9F69-A5D39344878D}"
EndProject
Project("{9A19103F-16F7-4668-BE54-9A1E7A4F7556}") = "Psz.Core.SalesDistribution", "Core\Psz.Core.SalesDistribution\Psz.Core.SalesDistribution.csproj", "{D52F0E14-5246-424F-A967-2B2C03811EEA}"
EndProject

Project("{9A19103F-16F7-4668-BE54-9A1E7A4F7556}") = "Psz.Core.MaterialManagement", "Core\Psz.Core.MaterialManagement\Psz.Core.MaterialManagement.csproj", "{143CAA53-376D-44A2-AA33-6AAA4E0D38CB}"
EndProject
Project("{9A19103F-16F7-4668-BE54-9A1E7A4F7556}") = "Psz.Core.CustomerService", "Core\Psz.Core.CustomerService\Psz.Core.CustomerService.csproj", "{570EDFDB-CEF3-4B63-8748-AA3BBB80AB23}"
EndProject
Project("{9A19103F-16F7-4668-BE54-9A1E7A4F7556}") = "Psz.Core.ManagementOverview", "Core\Psz.Core.ManagementOverview\Psz.Core.ManagementOverview.csproj", "{C1AB43CA-2992-4B1B-971B-38E08A6A627C}"
EndProject
Project("{9A19103F-16F7-4668-BE54-9A1E7A4F7556}") = "Psz.Core.Logistics", "Core\Psz.Core.Logistics\Psz.Core.Logistics.csproj", "{94B2F1F7-D414-4AEE-A2EF-19018E7C191A}"
EndProject
Project("{9A19103F-16F7-4668-BE54-9A1E7A4F7556}") = "Psz.Core.CapitalRequests", "Core\Psz.Core.CapitalRequests\Psz.Core.CapitalRequests.csproj", "{D781FA64-D024-4E1E-B7F2-5BFE2286EA87}"
EndProject
Project("{9A19103F-16F7-4668-BE54-9A1E7A4F7556}") = "Psz.Core.CRP", "Core\Psz.Core.CRP\Psz.Core.CRP.csproj", "{43B7EF97-932F-4B40-A6E2-3F42EC950422}"
EndProject
Project("{9A19103F-16F7-4668-BE54-9A1E7A4F7556}") = "Psz.Core.Support", "Core\Psz.Core.Support\Psz.Core.Support.csproj", "{52F8AB80-DB2A-41A8-9E13-070B071C4CA4}"
EndProject
Project("{9A19103F-16F7-4668-BE54-9A1E7A4F7556}") = "PSZLogService", "PSZLogService\PSZLogService.csproj", "{87E455B4-CB30-4FF8-945D-1BB25D9265DA}"
EndProject
Project("{2150E333-8FDC-42A3-9474-1A3956D46DE8}") = "WindowsService", "WindowsService", "{C71A49BE-F6F6-4C4F-BC55-A4E9B33BA80B}"
EndProject
Project("{9A19103F-16F7-4668-BE54-9A1E7A4F7556}") = "Psz.Api", "Psz.Api\Psz.Api.csproj", "{56BB5858-0E15-4412-A299-7F9D5904D76F}"
EndProject
Project("{FAE04EC0-301F-11D3-BF4B-00C04F79EFBC}") = "Psz.Core.Purchase", "Core\Psz.Core.Purchase\Psz.Core.Purchase.csproj", "{799A984C-8B97-43DC-BAE9-CE2481E9EA0B}"
EndProject
Global
	GlobalSection(SolutionConfigurationPlatforms) = preSolution
		Debug|Any CPU = Debug|Any CPU
		Release|Any CPU = Release|Any CPU
	EndGlobalSection
	GlobalSection(ProjectConfigurationPlatforms) = postSolution
		{D4F6B894-90A3-497B-95EE-58E6AE4225A1}.Debug|Any CPU.ActiveCfg = Debug|Any CPU
		{D4F6B894-90A3-497B-95EE-58E6AE4225A1}.Debug|Any CPU.Build.0 = Debug|Any CPU
		{D4F6B894-90A3-497B-95EE-58E6AE4225A1}.Release|Any CPU.ActiveCfg = Release|Any CPU
		{D4F6B894-90A3-497B-95EE-58E6AE4225A1}.Release|Any CPU.Build.0 = Release|Any CPU
		{1415AD1C-280E-42B9-A0B5-E564705B9F7B}.Debug|Any CPU.ActiveCfg = Debug|Any CPU
		{1415AD1C-280E-42B9-A0B5-E564705B9F7B}.Debug|Any CPU.Build.0 = Debug|Any CPU
		{1415AD1C-280E-42B9-A0B5-E564705B9F7B}.Release|Any CPU.ActiveCfg = Release|Any CPU
		{1415AD1C-280E-42B9-A0B5-E564705B9F7B}.Release|Any CPU.Build.0 = Release|Any CPU
		{3F6D21BD-9B7F-4A9A-8A4F-CAD6AACD16CE}.Debug|Any CPU.ActiveCfg = Debug|Any CPU
		{3F6D21BD-9B7F-4A9A-8A4F-CAD6AACD16CE}.Debug|Any CPU.Build.0 = Debug|Any CPU
		{3F6D21BD-9B7F-4A9A-8A4F-CAD6AACD16CE}.Release|Any CPU.ActiveCfg = Release|Any CPU
		{3F6D21BD-9B7F-4A9A-8A4F-CAD6AACD16CE}.Release|Any CPU.Build.0 = Release|Any CPU
		{4299624D-7875-4C6B-9975-3957C6177791}.Debug|Any CPU.ActiveCfg = Debug|Any CPU
		{4299624D-7875-4C6B-9975-3957C6177791}.Debug|Any CPU.Build.0 = Debug|Any CPU
		{4299624D-7875-4C6B-9975-3957C6177791}.Release|Any CPU.ActiveCfg = Release|Any CPU
		{4299624D-7875-4C6B-9975-3957C6177791}.Release|Any CPU.Build.0 = Release|Any CPU
		{712DAD32-1001-48D3-A741-47EFFE6AB8E4}.Debug|Any CPU.ActiveCfg = Debug|Any CPU
		{712DAD32-1001-48D3-A741-47EFFE6AB8E4}.Debug|Any CPU.Build.0 = Debug|Any CPU
		{712DAD32-1001-48D3-A741-47EFFE6AB8E4}.Release|Any CPU.ActiveCfg = Release|Any CPU
		{712DAD32-1001-48D3-A741-47EFFE6AB8E4}.Release|Any CPU.Build.0 = Release|Any CPU
		{E16984BF-96DB-4D41-BB7F-B8338699BC6A}.Debug|Any CPU.ActiveCfg = Debug|Any CPU
		{E16984BF-96DB-4D41-BB7F-B8338699BC6A}.Debug|Any CPU.Build.0 = Debug|Any CPU
		{E16984BF-96DB-4D41-BB7F-B8338699BC6A}.Release|Any CPU.ActiveCfg = Release|Any CPU
		{E16984BF-96DB-4D41-BB7F-B8338699BC6A}.Release|Any CPU.Build.0 = Release|Any CPU
		{B59B63FC-3300-4591-BB68-1BA0CB9C0EC2}.Debug|Any CPU.ActiveCfg = Debug|Any CPU
		{B59B63FC-3300-4591-BB68-1BA0CB9C0EC2}.Debug|Any CPU.Build.0 = Debug|Any CPU
		{B59B63FC-3300-4591-BB68-1BA0CB9C0EC2}.Release|Any CPU.ActiveCfg = Release|Any CPU
		{B59B63FC-3300-4591-BB68-1BA0CB9C0EC2}.Release|Any CPU.Build.0 = Release|Any CPU
		{9A07B746-F9AE-4DCC-9F69-A5D39344878D}.Debug|Any CPU.ActiveCfg = Debug|Any CPU
		{9A07B746-F9AE-4DCC-9F69-A5D39344878D}.Debug|Any CPU.Build.0 = Debug|Any CPU
		{9A07B746-F9AE-4DCC-9F69-A5D39344878D}.Release|Any CPU.ActiveCfg = Release|Any CPU
		{9A07B746-F9AE-4DCC-9F69-A5D39344878D}.Release|Any CPU.Build.0 = Release|Any CPU
		{D52F0E14-5246-424F-A967-2B2C03811EEA}.Debug|Any CPU.ActiveCfg = Debug|Any CPU
		{D52F0E14-5246-424F-A967-2B2C03811EEA}.Debug|Any CPU.Build.0 = Debug|Any CPU
		{D52F0E14-5246-424F-A967-2B2C03811EEA}.Release|Any CPU.ActiveCfg = Release|Any CPU
		{D52F0E14-5246-424F-A967-2B2C03811EEA}.Release|Any CPU.Build.0 = Release|Any CPU
		{CFCFB0E4-1A20-4244-B32C-C6F5248EB37C}.Debug|Any CPU.ActiveCfg = Debug|Any CPU
		{CFCFB0E4-1A20-4244-B32C-C6F5248EB37C}.Debug|Any CPU.Build.0 = Debug|Any CPU
		{CFCFB0E4-1A20-4244-B32C-C6F5248EB37C}.Release|Any CPU.ActiveCfg = Release|Any CPU
		{CFCFB0E4-1A20-4244-B32C-C6F5248EB37C}.Release|Any CPU.Build.0 = Release|Any CPU
		{143CAA53-376D-44A2-AA33-6AAA4E0D38CB}.Debug|Any CPU.ActiveCfg = Debug|Any CPU
		{143CAA53-376D-44A2-AA33-6AAA4E0D38CB}.Debug|Any CPU.Build.0 = Debug|Any CPU
		{143CAA53-376D-44A2-AA33-6AAA4E0D38CB}.Release|Any CPU.ActiveCfg = Release|Any CPU
		{143CAA53-376D-44A2-AA33-6AAA4E0D38CB}.Release|Any CPU.Build.0 = Release|Any CPU
		{570EDFDB-CEF3-4B63-8748-AA3BBB80AB23}.Debug|Any CPU.ActiveCfg = Debug|Any CPU
		{570EDFDB-CEF3-4B63-8748-AA3BBB80AB23}.Debug|Any CPU.Build.0 = Debug|Any CPU
		{570EDFDB-CEF3-4B63-8748-AA3BBB80AB23}.Release|Any CPU.ActiveCfg = Release|Any CPU
		{570EDFDB-CEF3-4B63-8748-AA3BBB80AB23}.Release|Any CPU.Build.0 = Release|Any CPU
		{C1AB43CA-2992-4B1B-971B-38E08A6A627C}.Debug|Any CPU.ActiveCfg = Debug|Any CPU
		{C1AB43CA-2992-4B1B-971B-38E08A6A627C}.Debug|Any CPU.Build.0 = Debug|Any CPU
		{C1AB43CA-2992-4B1B-971B-38E08A6A627C}.Release|Any CPU.ActiveCfg = Release|Any CPU
		{C1AB43CA-2992-4B1B-971B-38E08A6A627C}.Release|Any CPU.Build.0 = Release|Any CPU
		{94B2F1F7-D414-4AEE-A2EF-19018E7C191A}.Debug|Any CPU.ActiveCfg = Debug|Any CPU
		{94B2F1F7-D414-4AEE-A2EF-19018E7C191A}.Debug|Any CPU.Build.0 = Debug|Any CPU
		{94B2F1F7-D414-4AEE-A2EF-19018E7C191A}.Release|Any CPU.ActiveCfg = Release|Any CPU
		{94B2F1F7-D414-4AEE-A2EF-19018E7C191A}.Release|Any CPU.Build.0 = Release|Any CPU
		{D781FA64-D024-4E1E-B7F2-5BFE2286EA87}.Debug|Any CPU.ActiveCfg = Debug|Any CPU
		{D781FA64-D024-4E1E-B7F2-5BFE2286EA87}.Debug|Any CPU.Build.0 = Debug|Any CPU
		{D781FA64-D024-4E1E-B7F2-5BFE2286EA87}.Release|Any CPU.ActiveCfg = Release|Any CPU
		{D781FA64-D024-4E1E-B7F2-5BFE2286EA87}.Release|Any CPU.Build.0 = Release|Any CPU
		{43B7EF97-932F-4B40-A6E2-3F42EC950422}.Debug|Any CPU.ActiveCfg = Debug|Any CPU
		{43B7EF97-932F-4B40-A6E2-3F42EC950422}.Debug|Any CPU.Build.0 = Debug|Any CPU
		{43B7EF97-932F-4B40-A6E2-3F42EC950422}.Release|Any CPU.ActiveCfg = Release|Any CPU
		{43B7EF97-932F-4B40-A6E2-3F42EC950422}.Release|Any CPU.Build.0 = Release|Any CPU
		{52F8AB80-DB2A-41A8-9E13-070B071C4CA4}.Debug|Any CPU.ActiveCfg = Debug|Any CPU
		{52F8AB80-DB2A-41A8-9E13-070B071C4CA4}.Debug|Any CPU.Build.0 = Debug|Any CPU
		{52F8AB80-DB2A-41A8-9E13-070B071C4CA4}.Release|Any CPU.ActiveCfg = Release|Any CPU
		{52F8AB80-DB2A-41A8-9E13-070B071C4CA4}.Release|Any CPU.Build.0 = Release|Any CPU
		{87E455B4-CB30-4FF8-945D-1BB25D9265DA}.Debug|Any CPU.ActiveCfg = Debug|Any CPU
		{87E455B4-CB30-4FF8-945D-1BB25D9265DA}.Debug|Any CPU.Build.0 = Debug|Any CPU
		{87E455B4-CB30-4FF8-945D-1BB25D9265DA}.Release|Any CPU.ActiveCfg = Release|Any CPU
		{87E455B4-CB30-4FF8-945D-1BB25D9265DA}.Release|Any CPU.Build.0 = Release|Any CPU
		{56BB5858-0E15-4412-A299-7F9D5904D76F}.Debug|Any CPU.ActiveCfg = Debug|Any CPU
		{56BB5858-0E15-4412-A299-7F9D5904D76F}.Debug|Any CPU.Build.0 = Debug|Any CPU
		{56BB5858-0E15-4412-A299-7F9D5904D76F}.Release|Any CPU.ActiveCfg = Release|Any CPU
		{56BB5858-0E15-4412-A299-7F9D5904D76F}.Release|Any CPU.Build.0 = Release|Any CPU
		{799A984C-8B97-43DC-BAE9-CE2481E9EA0B}.Debug|Any CPU.ActiveCfg = Debug|Any CPU
		{799A984C-8B97-43DC-BAE9-CE2481E9EA0B}.Debug|Any CPU.Build.0 = Debug|Any CPU
		{799A984C-8B97-43DC-BAE9-CE2481E9EA0B}.Release|Any CPU.ActiveCfg = Release|Any CPU
		{799A984C-8B97-43DC-BAE9-CE2481E9EA0B}.Release|Any CPU.Build.0 = Release|Any CPU
	EndGlobalSection
	GlobalSection(SolutionProperties) = preSolution
		HideSolutionNode = FALSE
	EndGlobalSection
	GlobalSection(NestedProjects) = preSolution
		{D4F6B894-90A3-497B-95EE-58E6AE4225A1} = {1F7CDE88-833E-45C2-9792-5255A2D905E4}
		{1415AD1C-280E-42B9-A0B5-E564705B9F7B} = {0C0C2F63-A6EF-4730-A73A-59BF0AFFA9A8}
		{3F6D21BD-9B7F-4A9A-8A4F-CAD6AACD16CE} = {0C0C2F63-A6EF-4730-A73A-59BF0AFFA9A8}
		{4299624D-7875-4C6B-9975-3957C6177791} = {1F7CDE88-833E-45C2-9792-5255A2D905E4}
		{712DAD32-1001-48D3-A741-47EFFE6AB8E4} = {1F7CDE88-833E-45C2-9792-5255A2D905E4}
		{E16984BF-96DB-4D41-BB7F-B8338699BC6A} = {1F7CDE88-833E-45C2-9792-5255A2D905E4}
		{B59B63FC-3300-4591-BB68-1BA0CB9C0EC2} = {1F7CDE88-833E-45C2-9792-5255A2D905E4}
		{9A07B746-F9AE-4DCC-9F69-A5D39344878D} = {1F7CDE88-833E-45C2-9792-5255A2D905E4}
		{D52F0E14-5246-424F-A967-2B2C03811EEA} = {1F7CDE88-833E-45C2-9792-5255A2D905E4}
		{CFCFB0E4-1A20-4244-B32C-C6F5248EB37C} = {6853024C-28F9-4195-A87A-CDFD5AD7ED35}
		{143CAA53-376D-44A2-AA33-6AAA4E0D38CB} = {1F7CDE88-833E-45C2-9792-5255A2D905E4}
		{570EDFDB-CEF3-4B63-8748-AA3BBB80AB23} = {1F7CDE88-833E-45C2-9792-5255A2D905E4}
		{C1AB43CA-2992-4B1B-971B-38E08A6A627C} = {1F7CDE88-833E-45C2-9792-5255A2D905E4}
		{94B2F1F7-D414-4AEE-A2EF-19018E7C191A} = {1F7CDE88-833E-45C2-9792-5255A2D905E4}
		{D781FA64-D024-4E1E-B7F2-5BFE2286EA87} = {1F7CDE88-833E-45C2-9792-5255A2D905E4}
		{43B7EF97-932F-4B40-A6E2-3F42EC950422} = {1F7CDE88-833E-45C2-9792-5255A2D905E4}
		{52F8AB80-DB2A-41A8-9E13-070B071C4CA4} = {1F7CDE88-833E-45C2-9792-5255A2D905E4}
		{87E455B4-CB30-4FF8-945D-1BB25D9265DA} = {C71A49BE-F6F6-4C4F-BC55-A4E9B33BA80B}
		{56BB5858-0E15-4412-A299-7F9D5904D76F} = {A3026705-510D-434F-9232-42A6E7583A77}
		{799A984C-8B97-43DC-BAE9-CE2481E9EA0B} = {1F7CDE88-833E-45C2-9792-5255A2D905E4}
	EndGlobalSection
	GlobalSection(ExtensibilityGlobals) = postSolution
		SolutionGuid = {F40EECAF-DBB7-40B4-A661-2A8FF4938B2B}
	EndGlobalSection
EndGlobal
